<Solution>
  <Project Path="Baclib.Bacnet.Serialization.Asn1/Baclib.Bacnet.Serialization.Asn1.csproj" Id="f4ec49bb-9ac1-4a08-a21e-45fcfcda74a2" />
  <Project Path="Baclib.Bacnet.Types.Tests/Baclib.Bacnet.Types.Tests.csproj" />
  <Project Path="Baclib.Bacnet.Types/Baclib.Bacnet.Types.csproj" />
  <Project Path="Generator/Generator.esproj">
    <Build />
    <Deploy />
  </Project>
</Solution>
